
Microsoft Visual Studio Solution File, Format Version 12.00
# Visual Studio Version 17
VisualStudioVersion = 17.8.34601.278
MinimumVisualStudioVersion = 10.0.40219.1
Project("{FAE04EC0-301F-11D3-BF4B-00C04F79EFBC}") = "DittaScarpe", "DittaScarpe.csproj", "{1EAB707A-D929-4347-A805-04FC7202582E}"
EndProject
Global
	GlobalSection(SolutionConfigurationPlatforms) = preSolution
		Debug|Any CPU = Debug|Any CPU
		Release|Any CPU = Release|Any CPU
	EndGlobalSection
	GlobalSection(ProjectConfigurationPlatforms) = postSolution
		{1EAB707A-D929-4347-A805-04FC7202582E}.Debug|Any CPU.ActiveCfg = Debug|Any CPU
		{1EAB707A-D929-4347-A805-04FC7202582E}.Debug|Any CPU.Build.0 = Debug|Any CPU
		{1EAB707A-D929-4347-A805-04FC7202582E}.Release|Any CPU.ActiveCfg = Release|Any CPU
		{1EAB707A-D929-4347-A805-04FC7202582E}.Release|Any CPU.Build.0 = Release|Any CPU
	EndGlobalSection
	GlobalSection(SolutionProperties) = preSolution
		HideSolutionNode = FALSE
	EndGlobalSection
	GlobalSection(ExtensibilityGlobals) = postSolution
		SolutionGuid = {5770B230-C1BB-4644-AB0E-2351190A0C3E}
	EndGlobalSection
EndGlobal
